
Microsoft Visual Studio Solution File, Format Version 12.00
# Visual Studio Version 17
VisualStudioVersion = 17.6.33829.357
MinimumVisualStudioVersion = 10.0.40219.1
Project("{FAE04EC0-301F-11D3-BF4B-00C04F79EFBC}") = "Ecoeden.Notification.Service", "Ecoeden.Notification.Service\Ecoeden.Notification.Service.csproj", "{783E0D7F-3269-46EA-9977-21F6B6F9195D}"
EndProject
Global
	GlobalSection(SolutionConfigurationPlatforms) = preSolution
		Debug|Any CPU = Debug|Any CPU
		Release|Any CPU = Release|Any CPU
	EndGlobalSection
	GlobalSection(ProjectConfigurationPlatforms) = postSolution
		{783E0D7F-3269-46EA-9977-21F6B6F9195D}.Debug|Any CPU.ActiveCfg = Debug|Any CPU
		{783E0D7F-3269-46EA-9977-21F6B6F9195D}.Debug|Any CPU.Build.0 = Debug|Any CPU
		{783E0D7F-3269-46EA-9977-21F6B6F9195D}.Release|Any CPU.ActiveCfg = Release|Any CPU
		{783E0D7F-3269-46EA-9977-21F6B6F9195D}.Release|Any CPU.Build.0 = Release|Any CPU
	EndGlobalSection
	GlobalSection(SolutionProperties) = preSolution
		HideSolutionNode = FALSE
	EndGlobalSection
	GlobalSection(ExtensibilityGlobals) = postSolution
		SolutionGuid = {539CB75A-1F17-468F-B129-BB3725866796}
	EndGlobalSection
EndGlobal
